<?xml version="1.0" encoding="utf-8"?>
<Project ToolsVersion="18.0" xmlns="http://schemas.microsoft.com/developer/msbuild/2003">
  <ItemGroup>
    <ClCompile Include="$(RepoRoot)third_party\libgfxd\gfxd.c">
      <Filter>Source Files</Filter>
    </ClCompile>
    <ClCompile Include="$(RepoRoot)third_party\libgfxd\uc.c">
      <Filter>Source Files</Filter>
    </ClCompile>
    <ClCompile Include="$(RepoRoot)third_party\libgfxd\uc_f3d.c">
      <Filter>Source Files</Filter>
    </ClCompile>
    <ClCompile Include="$(RepoRoot)third_party\libgfxd\uc_f3db.c">
      <Filter>Source Files</Filter>
    </ClCompile>
    <ClCompile Include="$(RepoRoot)third_party\libgfxd\uc_f3dex.c">
      <Filter>Source Files</Filter>
    </ClCompile>
    <ClCompile Include="$(RepoRoot)third_party\libgfxd\uc_f3dex2.c">
      <Filter>Source Files</Filter>
    </ClCompile>
    <ClCompile Include="$(RepoRoot)third_party\libgfxd\uc_f3dexb.c">
      <Filter>Source Files</Filter>
    </ClCompile>
  </ItemGroup>
  <ItemGroup>
    <ClInclude Include="$(RepoRoot)third_party\libgfxd\gbi.h">
      <Filter>Header Files</Filter>
    </ClInclude>
    <ClInclude Include="$(RepoRoot)third_party\libgfxd\gfxd.h">
      <Filter>Header Files</Filter>
    </ClInclude>
    <ClInclude Include="$(RepoRoot)third_party\libgfxd\priv.h">
      <Filter>Header Files</Filter>
    </ClInclude>
  </ItemGroup>
  <ItemGroup></ItemGroup>
  <ItemGroup>
    <Filter Include="Header Files">
      <UniqueIdentifier>{B8AEE8DF-645E-357A-83CA-AA95C17E8E4A}</UniqueIdentifier>
    </Filter>
    <Filter Include="Source Files">
      <UniqueIdentifier>{FBBA4402-F9B9-396F-A5B0-D4EE37A28A02}</UniqueIdentifier>
    </Filter>
  </ItemGroup>
</Project>