<?xml version="1.0" encoding="utf-8"?>
<Project ToolsVersion="18.0" xmlns="http://schemas.microsoft.com/developer/msbuild/2003">
  <ItemGroup>
    <ClCompile Include="$(RepoRoot)src\game\port\Network\Network\netapi.cpp">
      <Filter>src</Filter>
    </ClCompile>
    <ClCompile Include="$(RepoRoot)src\game\port\Network\Network\netchannel.cpp">
      <Filter>src</Filter>
    </ClCompile>
    <ClCompile Include="$(RepoRoot)src\game\port\Network\Network\netmessage.cpp">
      <Filter>src</Filter>
    </ClCompile>
    <ClCompile Include="$(RepoRoot)src\game\port\Network\Network\netpeer.cpp">
      <Filter>src</Filter>
    </ClCompile>
    <ClCompile Include="$(RepoRoot)src\game\port\Network\NetworkConnectionTransport.cpp">
      <Filter>src</Filter>
    </ClCompile>
    <ClCompile Include="$(RepoRoot)src\game\port\Network\NetworkProtocolIngress.cpp">
      <Filter>src</Filter>
    </ClCompile>
    <ClCompile Include="$(RepoRoot)src\game\port\Network\NetworkSessionLifecycleService.cpp">
      <Filter>src</Filter>
    </ClCompile>
    <ClCompile Include="$(RepoRoot)src\game\port\Network\ServerCollisionWorld.cpp">
      <Filter>src</Filter>
    </ClCompile>
    <ClCompile Include="$(RepoRoot)src\game\port\Network\NetworkRuntime.cpp">
      <Filter>src</Filter>
    </ClCompile>
    <ClCompile Include="$(RepoRoot)src\game\port\Network\ClientProtocolEndpoint.cpp">
      <Filter>src</Filter>
    </ClCompile>
    <ClCompile Include="$(RepoRoot)src\game\port\Network\LocalVoiceSubmissionService.cpp">
      <Filter>src</Filter>
    </ClCompile>
    <ClCompile Include="$(RepoRoot)src\game\port\Network\LocalClientAdmissionService.cpp">
      <Filter>src</Filter>
    </ClCompile>
    <ClCompile Include="$(RepoRoot)src\game\port\Network\LocalTextCommunicationService.cpp">
      <Filter>src</Filter>
    </ClCompile>
    <ClCompile Include="$(RepoRoot)src\game\port\Network\ServerProtocolEndpoint.cpp">
      <Filter>src</Filter>
    </ClCompile>
    <ClCompile Include="$(RepoRoot)src\game\port\Network\bitmask.cpp">
      <Filter>src</Filter>
    </ClCompile>
    <ClCompile Include="$(RepoRoot)src\game\port\Network\netTransportNet.cpp">
      <Filter>src</Filter>
    </ClCompile>
    <ClCompile Include="$(RepoRoot)src\game\platform\client\LocalStructureActionStream.cpp">
      <Filter>src</Filter>
    </ClCompile>
    <ClCompile Include="$(RepoRoot)src\game\platform\client\ClientSessionGenerationTracker.cpp">
      <Filter>src</Filter>
    </ClCompile>
    <ClCompile Include="$(RepoRoot)src\game\platform\client\LocalVoiceFrameStream.cpp">
      <Filter>src</Filter>
    </ClCompile>
    <ClCompile Include="$(RepoRoot)src\game\platform\simulation\ServerGameplayIngress.cpp">
      <Filter>src</Filter>
    </ClCompile>
  </ItemGroup>
  <ItemGroup>
    <ClInclude Include="$(RepoRoot)src\game\port\Network\Network\netapi.hpp">
      <Filter>src</Filter>
    </ClInclude>
    <ClInclude Include="$(RepoRoot)src\game\port\Network\Network\netchannel.hpp">
      <Filter>src</Filter>
    </ClInclude>
    <ClInclude Include="$(RepoRoot)src\game\port\Network\Network\netglobal.hpp">
      <Filter>src</Filter>
    </ClInclude>
    <ClInclude Include="$(RepoRoot)src\game\port\Network\Network\netmessage.hpp">
      <Filter>src</Filter>
    </ClInclude>
    <ClInclude Include="$(RepoRoot)src\game\port\Network\Network\netpch.hpp">
      <Filter>src</Filter>
    </ClInclude>
    <ClInclude Include="$(RepoRoot)src\game\port\Network\Network\netpeer.hpp">
      <Filter>src</Filter>
    </ClInclude>
    <ClInclude Include="$(RepoRoot)src\game\port\Network\NetworkProtocol.h">
      <Filter>src</Filter>
    </ClInclude>
    <ClInclude Include="$(RepoRoot)src\game\port\Network\NetworkConnectionTransport.h">
      <Filter>src</Filter>
    </ClInclude>
    <ClInclude Include="$(RepoRoot)src\game\port\Network\NetworkProtocolIngress.h">
      <Filter>src</Filter>
    </ClInclude>
    <ClInclude Include="$(RepoRoot)src\game\port\Network\NetworkSessionLifecycleService.h">
      <Filter>src</Filter>
    </ClInclude>
    <ClInclude Include="$(RepoRoot)src\game\port\Network\ServerCollisionWorld.h">
      <Filter>src</Filter>
    </ClInclude>
    <ClInclude Include="$(RepoRoot)src\game\port\Network\NetworkRuntime.h">
      <Filter>src</Filter>
    </ClInclude>
    <ClInclude Include="$(RepoRoot)src\game\port\Network\ClientProtocolEndpoint.h">
      <Filter>src</Filter>
    </ClInclude>
    <ClInclude Include="$(RepoRoot)src\game\port\Network\LocalVoiceSubmissionService.h">
      <Filter>src</Filter>
    </ClInclude>
    <ClInclude Include="$(RepoRoot)src\game\port\Network\LocalClientAdmissionService.h">
      <Filter>src</Filter>
    </ClInclude>
    <ClInclude Include="$(RepoRoot)src\game\port\Network\LocalTextCommunicationService.h">
      <Filter>src</Filter>
    </ClInclude>
    <ClInclude Include="$(RepoRoot)src\game\port\Network\ServerProtocolEndpoint.h">
      <Filter>src</Filter>
    </ClInclude>
    <ClInclude Include="$(RepoRoot)src\game\port\Network\VoiceChat.h">
      <Filter>src</Filter>
    </ClInclude>
    <ClInclude Include="$(RepoRoot)src\game\platform\client\ClientSessionGenerationTracker.h">
      <Filter>src</Filter>
    </ClInclude>
    <ClInclude Include="$(RepoRoot)src\game\port\Network\bitmask.hpp">
      <Filter>src</Filter>
    </ClInclude>
    <ClInclude Include="$(RepoRoot)src\game\port\Network\netTransport.hpp">
      <Filter>src</Filter>
    </ClInclude>
    <ClInclude Include="$(RepoRoot)src\game\port\Network\netTransportCommon.hpp">
      <Filter>src</Filter>
    </ClInclude>
    <ClInclude Include="$(RepoRoot)src\game\port\Network\pointers.h">
      <Filter>src</Filter>
    </ClInclude>
    <ClInclude Include="$(RepoRoot)src\game\platform\client\LocalStructureActionStream.h">
      <Filter>src</Filter>
    </ClInclude>
    <ClInclude Include="$(RepoRoot)src\game\platform\SequenceNumber.h">
      <Filter>src</Filter>
    </ClInclude>
    <ClInclude Include="$(RepoRoot)src\game\platform\client\LocalVoiceFrameStream.h">
      <Filter>src</Filter>
    </ClInclude>
    <ClInclude Include="$(RepoRoot)src\game\platform\simulation\ServerGameplayIngress.h">
      <Filter>src</Filter>
    </ClInclude>
  </ItemGroup>
  <ItemGroup></ItemGroup>
  <ItemGroup>
    <Filter Include="src">
      <UniqueIdentifier>{A5EA5780-D098-3899-A4D0-3696AFC90A38}</UniqueIdentifier>
    </Filter>
  </ItemGroup>
</Project>
