<?xml version="1.0" encoding="UTF-8"?>
<Solution>
  <Configurations>
    <BuildType Name="Release"/>
    <Platform Name="x64"/>
  </Configurations>
  <Project Path="msvc/Shipwright.vcxproj" Type="8bc9ceb8-8b4a-11d0-8d11-00a0c91bc942" Id="9be9808f-4839-3804-9bd4-6ab6bed0cca7" DefaultStartup="true">
    <BuildDependency Project="msvc/LibUltraShip.vcxproj"/>
    <BuildDependency Project="msvc/Network.vcxproj"/>
    <BuildDependency Project="msvc/LibGfxd.vcxproj"/>
    <BuildDependency Project="msvc/Stb.vcxproj"/>
    <BuildDependency Project="msvc/Prism.vcxproj"/>
    <BuildDependency Project="msvc/StormLib.vcxproj"/>
  </Project>
  <Project Path="msvc/LibUltraShip.vcxproj" Type="8bc9ceb8-8b4a-11d0-8d11-00a0c91bc942" Id="06cc8d88-1a4d-3e2c-94f1-180fc8b912db">
    <BuildDependency Project="msvc/LibGfxd.vcxproj"/>
    <BuildDependency Project="msvc/Stb.vcxproj"/>
    <BuildDependency Project="msvc/Prism.vcxproj"/>
    <BuildDependency Project="msvc/StormLib.vcxproj"/>
  </Project>
  <Project Path="msvc/Network.vcxproj" Type="8bc9ceb8-8b4a-11d0-8d11-00a0c91bc942" Id="cc8974d8-759d-3cfa-8cf0-b4f8b3d546cf"/>
  <Folder Name="/clients/">
    <Project Path="msvc/DedicatedServer.vcxproj" Type="8bc9ceb8-8b4a-11d0-8d11-00a0c91bc942" Id="a07671b0-9f2a-3f57-9e52-62c2e5652f3c">
      <BuildDependency Project="msvc/Network.vcxproj"/>
    </Project>
    <Project Path="msvc/VoiceClient.vcxproj" Type="8bc9ceb8-8b4a-11d0-8d11-00a0c91bc942" Id="c72c33c9-a7ad-3b6a-b0b7-76a89cfa8fb7">
      <BuildDependency Project="msvc/Network.vcxproj"/>
    </Project>
  </Folder>
  <Folder Name="/third-party/">
    <Project Path="msvc/LibGfxd.vcxproj" Type="8bc9ceb8-8b4a-11d0-8d11-00a0c91bc942" Id="e336f0a6-2313-316a-a6db-31a934f64874"/>
    <Project Path="msvc/Stb.vcxproj" Type="8bc9ceb8-8b4a-11d0-8d11-00a0c91bc942" Id="4bb74363-7dde-3032-8f43-878476b15a43"/>
    <Project Path="msvc/Prism.vcxproj" Type="8bc9ceb8-8b4a-11d0-8d11-00a0c91bc942" Id="48948160-6bfa-30fb-9401-08b164880f69"/>
    <Project Path="msvc/StormLib.vcxproj" Type="8bc9ceb8-8b4a-11d0-8d11-00a0c91bc942" Id="74dbbcdd-1d2e-3c44-a3b9-1e3a05c2efd9"/>
  </Folder>
</Solution>
